
Microsoft Visual Studio Solution File, Format Version 12.00
# Visual Studio 15
VisualStudioVersion = 15.0.28010.2046
MinimumVisualStudioVersion = 10.0.40219.1
Project("{8BC9CEB8-8B4A-11D0-8D11-00A0C91BC942}") = "Shooting", "Shooting.vcxproj", "{03F122BD-EDE9-4D85-A2C6-8D04659CB26E}"
EndProject
Global
	GlobalSection(SolutionConfigurationPlatforms) = preSolution
		Debug|x64 = Debug|x64
		Debug|x86 = Debug|x86
		Release|x64 = Release|x64
		Release|x86 = Release|x86
	EndGlobalSection
	GlobalSection(ProjectConfigurationPlatforms) = postSolution
		{03F122BD-EDE9-4D85-A2C6-8D04659CB26E}.Debug|x64.ActiveCfg = Debug|x64
		{03F122BD-EDE9-4D85-A2C6-8D04659CB26E}.Debug|x64.Build.0 = Debug|x64
		{03F122BD-EDE9-4D85-A2C6-8D04659CB26E}.Debug|x86.ActiveCfg = Debug|Win32
		{03F122BD-EDE9-4D85-A2C6-8D04659CB26E}.Debug|x86.Build.0 = Debug|Win32
		{03F122BD-EDE9-4D85-A2C6-8D04659CB26E}.Release|x64.ActiveCfg = Release|x64
		{03F122BD-EDE9-4D85-A2C6-8D04659CB26E}.Release|x64.Build.0 = Release|x64
		{03F122BD-EDE9-4D85-A2C6-8D04659CB26E}.Release|x86.ActiveCfg = Release|Win32
		{03F122BD-EDE9-4D85-A2C6-8D04659CB26E}.Release|x86.Build.0 = Release|Win32
	EndGlobalSection
	GlobalSection(SolutionProperties) = preSolution
		HideSolutionNode = FALSE
	EndGlobalSection
	GlobalSection(ExtensibilityGlobals) = postSolution
		SolutionGuid = {3D4D8435-ACDA-429A-B49B-F611622E218A}
	EndGlobalSection
EndGlobal
